// !$*UTF8*$!
{
	archiveVersion = 1;
	classes = {
	};
	objectVersion = 48;
	objects = {

/* Begin PBXBuildFile section */
		D6F5826220413507000675E0 /* AppDelegate.m in Sources */ = {isa = PBXBuildFile; fileRef = D6F5826120413507000675E0 /* AppDelegate.m */; };
		D6F5826520413507000675E0 /* ViewController.m in Sources */ = {isa = PBXBuildFile; fileRef = D6F5826420413507000675E0 /* ViewController.m */; };
		D6F5826820413507000675E0 /* Main.storyboard in Resources */ = {isa = PBXBuildFile; fileRef = D6F5826620413507000675E0 /* Main.storyboard */; };
		D6F5826A20413507000675E0 /* Assets.xcassets in Resources */ = {isa = PBXBuildFile; fileRef = D6F5826920413507000675E0 /* Assets.xcassets */; };
		D6F5826D20413507000675E0 /* LaunchScreen.storyboard in Resources */ = {isa = PBXBuildFile; fileRef = D6F5826B20413507000675E0 /* LaunchScreen.storyboard */; };
		D6F5827020413507000675E0 /* main.m in Sources */ = {isa = PBXBuildFile; fileRef = D6F5826F20413507000675E0 /* main.m */; };
		D6F5827A20413507000675E0 /* ShapeDemoTests.m in Sources */ = {isa = PBXBuildFile; fileRef = D6F5827920413507000675E0 /* ShapeDemoTests.m */; };
		D6F5828520413508000675E0 /* ShapeDemoUITests.m in Sources */ = {isa = PBXBuildFile; fileRef = D6F5828420413508000675E0 /* ShapeDemoUITests.m */; };
/* End PBXBuildFile section */

/* Begin PBXContainerItemProxy section */
		D6F5827620413507000675E0 /* PBXContainerItemProxy */ = {
			isa = PBXContainerItemProxy;
			containerPortal = D6F5825520413507000675E0 /* Project object */;
			proxyType = 1;
			remoteGlobalIDString = D6F5825C20413507000675E0;
			remoteInfo = ShapeDemo;
		};
		D6F5828120413508000675E0 /* PBXContainerItemProxy */ = {
			isa = PBXContainerItemProxy;
			containerPortal = D6F5825520413507000675E0 /* Project object */;
			proxyType = 1;
			remoteGlobalIDString = D6F5825C20413507000675E0;
			remoteInfo = ShapeDemo;
		};
/* End PBXContainerItemProxy section */

/* Begin PBXFileReference section */
		D6F5825D20413507000675E0 /* ShapeDemo.app */ = {isa = PBXFileReference; explicitFileType = wrapper.application; includeInIndex = 0; path = ShapeDemo.app; sourceTree = BUILT_PRODUCTS_DIR; };
		D6F5826020413507000675E0 /* AppDelegate.h */ = {isa = PBXFileReference; lastKnownFileType = sourcecode.c.h; path = AppDelegate.h; sourceTree = "<group>"; };
		D6F5826120413507000675E0 /* AppDelegate.m */ = {isa = PBXFileReference; lastKnownFileType = sourcecode.c.objc; path = AppDelegate.m; sourceTree = "<group>"; };
		D6F5826320413507000675E0 /* ViewController.h */ = {isa = PBXFileReference; lastKnownFileType = sourcecode.c.h; path = ViewController.h; sourceTree = "<group>"; };
		D6F5826420413507000675E0 /* ViewController.m */ = {isa = PBXFileReference; lastKnownFileType = sourcecode.c.objc; path = ViewController.m; sourceTree = "<group>"; };
		D6F5826720413507000675E0 /* Base */ = {isa = PBXFileReference; lastKnownFileType = file.storyboard; name = Base; path = Base.lproj/Main.storyboard; sourceTree = "<group>"; };
		D6F5826920413507000675E0 /* Assets.xcassets */ = {isa = PBXFileReference; lastKnownFileType = folder.assetcatalog; path = Assets.xcassets; sourceTree = "<group>"; };
		D6F5826C20413507000675E0 /* Base */ = {isa = PBXFileReference; lastKnownFileType = file.storyboard; name = Base; path = Base.lproj/LaunchScreen.storyboard; sourceTree = "<group>"; };
		D6F5826E20413507000675E0 /* Info.plist */ = {isa = PBXFileReference; lastKnownFileType = text.plist.xml; path = Info.plist; sourceTree = "<group>"; };
		D6F5826F20413507000675E0 /* main.m */ = {isa = PBXFileReference; lastKnownFileType = sourcecode.c.objc; path = main.m; sourceTree = "<group>"; };
		D6F5827520413507000675E0 /* ShapeDemoTests.xctest */ = {isa = PBXFileReference; explicitFileType = wrapper.cfbundle; includeInIndex = 0; path = ShapeDemoTests.xctest; sourceTree = BUILT_PRODUCTS_DIR; };
		D6F5827920413507000675E0 /* ShapeDemoTests.m */ = {isa = PBXFileReference; lastKnownFileType = sourcecode.c.objc; path = ShapeDemoTests.m; sourceTree = "<group>"; };
		D6F5827B20413507000675E0 /* Info.plist */ = {isa = PBXFileReference; lastKnownFileType = text.plist.xml; path = Info.plist; sourceTree = "<group>"; };
		D6F5828020413508000675E0 /* ShapeDemoUITests.xctest */ = {isa = PBXFileReference; explicitFileType = wrapper.cfbundle; includeInIndex = 0; path = ShapeDemoUITests.xctest; sourceTree = BUILT_PRODUCTS_DIR; };
		D6F5828420413508000675E0 /* ShapeDemoUITests.m */ = {isa = PBXFileReference; lastKnownFileType = sourcecode.c.objc; path = ShapeDemoUITests.m; sourceTree = "<group>"; };
		D6F5828620413508000675E0 /* Info.plist */ = {isa = PBXFileReference; lastKnownFileType = text.plist.xml; path = Info.plist; sourceTree = "<group>"; };
/* End PBXFileReference section */

/* Begin PBXFrameworksBuildPhase section */
		D6F5825A20413507000675E0 /* Frameworks */ = {
			isa = PBXFrameworksBuildPhase;
			buildActionMask = 2147483647;
			files = (
			);
			runOnlyForDeploymentPostprocessing = 0;
		};
		D6F5827220413507000675E0 /* Frameworks */ = {
			isa = PBXFrameworksBuildPhase;
			buildActionMask = 2147483647;
			files = (
			);
			runOnlyForDeploymentPostprocessing = 0;
		};
		D6F5827D20413508000675E0 /* Frameworks */ = {
			isa = PBXFrameworksBuildPhase;
			buildActionMask = 2147483647;
			files = (
			);
			runOnlyForDeploymentPostprocessing = 0;
		};
/* End PBXFrameworksBuildPhase section */

/* Begin PBXGroup section */
		D6F5825420413507000675E0 = {
			isa = PBXGroup;
			children = (
				D6F5825F20413507000675E0 /* ShapeDemo */,
				D6F5827820413507000675E0 /* ShapeDemoTests */,
				D6F5828320413508000675E0 /* ShapeDemoUITests */,
				D6F5825E20413507000675E0 /* Products */,
			);
			sourceTree = "<group>";
		};
		D6F5825E20413507000675E0 /* Products */ = {
			isa = PBXGroup;
			children = (
				D6F5825D20413507000675E0 /* ShapeDemo.app */,
				D6F5827520413507000675E0 /* ShapeDemoTests.xctest */,
				D6F5828020413508000675E0 /* ShapeDemoUITests.xctest */,
			);
			name = Products;
			sourceTree = "<group>";
		};
		D6F5825F20413507000675E0 /* ShapeDemo */ = {
			isa = PBXGroup;
			children = (
				D6F5826020413507000675E0 /* AppDelegate.h */,
				D6F5826120413507000675E0 /* AppDelegate.m */,
				D6F5826320413507000675E0 /* ViewController.h */,
				D6F5826420413507000675E0 /* ViewController.m */,
				D6F5826620413507000675E0 /* Main.storyboard */,
				D6F5826920413507000675E0 /* Assets.xcassets */,
				D6F5826B20413507000675E0 /* LaunchScreen.storyboard */,
				D6F5826E20413507000675E0 /* Info.plist */,
				D6F5826F20413507000675E0 /* main.m */,
			);
			path = ShapeDemo;
			sourceTree = "<group>";
		};
		D6F5827820413507000675E0 /* ShapeDemoTests */ = {
			isa = PBXGroup;
			children = (
				D6F5827920413507000675E0 /* ShapeDemoTests.m */,
				D6F5827B20413507000675E0 /* Info.plist */,
			);
			path = ShapeDemoTests;
			sourceTree = "<group>";
		};
		D6F5828320413508000675E0 /* ShapeDemoUITests */ = {
			isa = PBXGroup;
			children = (
				D6F5828420413508000675E0 /* ShapeDemoUITests.m */,
				D6F5828620413508000675E0 /* Info.plist */,
			);
			path = ShapeDemoUITests;
			sourceTree = "<group>";
		};
/* End PBXGroup section */

/* Begin PBXNativeTarget section */
		D6F5825C20413507000675E0 /* ShapeDemo */ = {
			isa = PBXNativeTarget;
			buildConfigurationList = D6F5828920413508000675E0 /* Build configuration list for PBXNativeTarget "ShapeDemo" */;
			buildPhases = (
				D6F5825920413507000675E0 /* Sources */,
				D6F5825A20413507000675E0 /* Frameworks */,
				D6F5825B20413507000675E0 /* Resources */,
			);
			buildRules = (
			);
			dependencies = (
			);
			name = ShapeDemo;
			productName = ShapeDemo;
			productReference = D6F5825D20413507000675E0 /* ShapeDemo.app */;
			productType = "com.apple.product-type.application";
		};
		D6F5827420413507000675E0 /* ShapeDemoTests */ = {
			isa = PBXNativeTarget;
			buildConfigurationList = D6F5828C20413508000675E0 /* Build configuration list for PBXNativeTarget "ShapeDemoTests" */;
			buildPhases = (
				D6F5827120413507000675E0 /* Sources */,
				D6F5827220413507000675E0 /* Frameworks */,
				D6F5827320413507000675E0 /* Resources */,
			);
			buildRules = (
			);
			dependencies = (
				D6F5827720413507000675E0 /* PBXTargetDependency */,
			);
			name = ShapeDemoTests;
			productName = ShapeDemoTests;
			productReference = D6F5827520413507000675E0 /* ShapeDemoTests.xctest */;
			productType = "com.apple.product-type.bundle.unit-test";
		};
		D6F5827F20413508000675E0 /* ShapeDemoUITests */ = {
			isa = PBXNativeTarget;
			buildConfigurationList = D6F5828F20413508000675E0 /* Build configuration list for PBXNativeTarget "ShapeDemoUITests" */;
			buildPhases = (
				D6F5827C20413508000675E0 /* Sources */,
				D6F5827D20413508000675E0 /* Frameworks */,
				D6F5827E20413508000675E0 /* Resources */,
			);
			buildRules = (
			);
			dependencies = (
				D6F5828220413508000675E0 /* PBXTargetDependency */,
			);
			name = ShapeDemoUITests;
			productName = ShapeDemoUITests;
			productReference = D6F5828020413508000675E0 /* ShapeDemoUITests.xctest */;
			productType = "com.apple.product-type.bundle.ui-testing";
		};
/* End PBXNativeTarget section */

/* Begin PBXProject section */
		D6F5825520413507000675E0 /* Project object */ = {
			isa = PBXProject;
			attributes = {
				LastUpgradeCheck = 0920;
				ORGANIZATIONNAME = hezixuan;
				TargetAttributes = {
					D6F5825C20413507000675E0 = {
						CreatedOnToolsVersion = 9.2;
						ProvisioningStyle = Automatic;
					};
					D6F5827420413507000675E0 = {
						CreatedOnToolsVersion = 9.2;
						ProvisioningStyle = Automatic;
						TestTargetID = D6F5825C20413507000675E0;
					};
					D6F5827F20413508000675E0 = {
						CreatedOnToolsVersion = 9.2;
						ProvisioningStyle = Automatic;
						TestTargetID = D6F5825C20413507000675E0;
					};
				};
			};
			buildConfigurationList = D6F5825820413507000675E0 /* Build configuration list for PBXProject "ShapeDemo" */;
			compatibilityVersion = "Xcode 8.0";
			developmentRegion = en;
			hasScannedForEncodings = 0;
			knownRegions = (
				en,
				Base,
			);
			mainGroup = D6F5825420413507000675E0;
			productRefGroup = D6F5825E20413507000675E0 /* Products */;
			projectDirPath = "";
			projectRoot = "";
			targets = (
				D6F5825C20413507000675E0 /* ShapeDemo */,
				D6F5827420413507000675E0 /* ShapeDemoTests */,
				D6F5827F20413508000675E0 /* ShapeDemoUITests */,
			);
		};
/* End PBXProject section */

/* Begin PBXResourcesBuildPhase section */
		D6F5825B20413507000675E0 /* Resources */ = {
			isa = PBXResourcesBuildPhase;
			buildActionMask = 2147483647;
			files = (
				D6F5826D20413507000675E0 /* LaunchScreen.storyboard in Resources */,
				D6F5826A20413507000675E0 /* Assets.xcassets in Resources */,
				D6F5826820413507000675E0 /* Main.storyboard in Resources */,
			);
			runOnlyForDeploymentPostprocessing = 0;
		};
		D6F5827320413507000675E0 /* Resources */ = {
			isa = PBXResourcesBuildPhase;
			buildActionMask = 2147483647;
			files = (
			);
			runOnlyForDeploymentPostprocessing = 0;
		};
		D6F5827E20413508000675E0 /* Resources */ = {
			isa = PBXResourcesBuildPhase;
			buildActionMask = 2147483647;
			files = (
			);
			runOnlyForDeploymentPostprocessing = 0;
		};
/* End PBXResourcesBuildPhase section */

/* Begin PBXSourcesBuildPhase section */
		D6F5825920413507000675E0 /* Sources */ = {
			isa = PBXSourcesBuildPhase;
			buildActionMask = 2147483647;
			files = (
				D6F5826520413507000675E0 /* ViewController.m in Sources */,
				D6F5827020413507000675E0 /* main.m in Sources */,
				D6F5826220413507000675E0 /* AppDelegate.m in Sources */,
			);
			runOnlyForDeploymentPostprocessing = 0;
		};
		D6F5827120413507000675E0 /* Sources */ = {
			isa = PBXSourcesBuildPhase;
			buildActionMask = 2147483647;
			files = (
				D6F5827A20413507000675E0 /* ShapeDemoTests.m in Sources */,
			);
			runOnlyForDeploymentPostprocessing = 0;
		};
		D6F5827C20413508000675E0 /* Sources */ = {
			isa = PBXSourcesBuildPhase;
			buildActionMask = 2147483647;
			files = (
				D6F5828520413508000675E0 /* ShapeDemoUITests.m in Sources */,
			);
			runOnlyForDeploymentPostprocessing = 0;
		};
/* End PBXSourcesBuildPhase section */

/* Begin PBXTargetDependency section */
		D6F5827720413507000675E0 /* PBXTargetDependency */ = {
			isa = PBXTargetDependency;
			target = D6F5825C20413507000675E0 /* ShapeDemo */;
			targetProxy = D6F5827620413507000675E0 /* PBXContainerItemProxy */;
		};
		D6F5828220413508000675E0 /* PBXTargetDependency */ = {
			isa = PBXTargetDependency;
			target = D6F5825C20413507000675E0 /* ShapeDemo */;
			targetProxy = D6F5828120413508000675E0 /* PBXContainerItemProxy */;
		};
/* End PBXTargetDependency section */

/* Begin PBXVariantGroup section */
		D6F5826620413507000675E0 /* Main.storyboard */ = {
			isa = PBXVariantGroup;
			children = (
				D6F5826720413507000675E0 /* Base */,
			);
			name = Main.storyboard;
			sourceTree = "<group>";
		};
		D6F5826B20413507000675E0 /* LaunchScreen.storyboard */ = {
			isa = PBXVariantGroup;
			children = (
				D6F5826C20413507000675E0 /* Base */,
			);
			name = LaunchScreen.storyboard;
			sourceTree = "<group>";
		};
/* End PBXVariantGroup section */

/* Begin XCBuildConfiguration section */
		D6F5828720413508000675E0 /* Debug */ = {
			isa = XCBuildConfiguration;
			buildSettings = {
				ALWAYS_SEARCH_USER_PATHS = NO;
				CLANG_ANALYZER_NONNULL = YES;
				CLANG_ANALYZER_NUMBER_OBJECT_CONVERSION = YES_AGGRESSIVE;
				CLANG_CXX_LANGUAGE_STANDARD = "gnu++14";
				CLANG_CXX_LIBRARY = "libc++";
				CLANG_ENABLE_MODULES = YES;
				CLANG_ENABLE_OBJC_ARC = YES;
				CLANG_WARN_BLOCK_CAPTURE_AUTORELEASING = YES;
				CLANG_WARN_BOOL_CONVERSION = YES;
				CLANG_WARN_COMMA = YES;
				CLANG_WARN_CONSTANT_CONVERSION = YES;
				CLANG_WARN_DIRECT_OBJC_ISA_USAGE = YES_ERROR;
				CLANG_WARN_DOCUMENTATION_COMMENTS = YES;
				CLANG_WARN_EMPTY_BODY = YES;
				CLANG_WARN_ENUM_CONVERSION = YES;
				CLANG_WARN_INFINITE_RECURSION = YES;
				CLANG_WARN_INT_CONVERSION = YES;
				CLANG_WARN_NON_LITERAL_NULL_CONVERSION = YES;
				CLANG_WARN_OBJC_LITERAL_CONVERSION = YES;
				CLANG_WARN_OBJC_ROOT_CLASS = YES_ERROR;
				CLANG_WARN_RANGE_LOOP_ANALYSIS = YES;
				CLANG_WARN_STRICT_PROTOTYPES = YES;
				CLANG_WARN_SUSPICIOUS_MOVE = YES;
				CLANG_WARN_UNGUARDED_AVAILABILITY = YES_AGGRESSIVE;
				CLANG_WARN_UNREACHABLE_CODE = YES;
				CLANG_WARN__DUPLICATE_METHOD_MATCH = YES;
				CODE_SIGN_IDENTITY = "iPhone Developer";
				COPY_PHASE_STRIP = NO;
				DEBUG_INFORMATION_FORMAT = dwarf;
				ENABLE_STRICT_OBJC_MSGSEND = YES;
				ENABLE_TESTABILITY = YES;
				GCC_C_LANGUAGE_STANDARD = gnu11;
				GCC_DYNAMIC_NO_PIC = NO;
				GCC_NO_COMMON_BLOCKS = YES;
				GCC_OPTIMIZATION_LEVEL = 0;
				GCC_PREPROCESSOR_DEFINITIONS = (
					"DEBUG=1",
					"$(inherited)",
				);
				GCC_WARN_64_TO_32_BIT_CONVERSION = YES;
				GCC_WARN_ABOUT_RETURN_TYPE = YES_ERROR;
				GCC_WARN_UNDECLARED_SELECTOR = YES;
				GCC_WARN_UNINITIALIZED_AUTOS = YES_AGGRESSIVE;
				GCC_WARN_UNUSED_FUNCTION = YES;
				GCC_WARN_UNUSED_VARIABLE = YES;
				IPHONEOS_DEPLOYMENT_TARGET = 11.2;
				MTL_ENABLE_DEBUG_INFO = YES;
				ONLY_ACTIVE_ARCH = YES;
				SDKROOT = iphoneos;
			};
			name = Debug;
		};
		D6F5828820413508000675E0 /* Release */ = {
			isa = XCBuildConfiguration;
			buildSettings = {
				ALWAYS_SEARCH_USER_PATHS = NO;
				CLANG_ANALYZER_NONNULL = YES;
				CLANG_ANALYZER_NUMBER_OBJECT_CONVERSION = YES_AGGRESSIVE;
				CLANG_CXX_LANGUAGE_STANDARD = "gnu++14";
				CLANG_CXX_LIBRARY = "libc++";
				CLANG_ENABLE_MODULES = YES;
				CLANG_ENABLE_OBJC_ARC = YES;
				CLANG_WARN_BLOCK_CAPTURE_AUTORELEASING = YES;
				CLANG_WARN_BOOL_CONVERSION = YES;
				CLANG_WARN_COMMA = YES;
				CLANG_WARN_CONSTANT_CONVERSION = YES;
				CLANG_WARN_DIRECT_OBJC_ISA_USAGE = YES_ERROR;
				CLANG_WARN_DOCUMENTATION_COMMENTS = YES;
				CLANG_WARN_EMPTY_BODY = YES;
				CLANG_WARN_ENUM_CONVERSION = YES;
				CLANG_WARN_INFINITE_RECURSION = YES;
				CLANG_WARN_INT_CONVERSION = YES;
				CLANG_WARN_NON_LITERAL_NULL_CONVERSION = YES;
				CLANG_WARN_OBJC_LITERAL_CONVERSION = YES;
				CLANG_WARN_OBJC_ROOT_CLASS = YES_ERROR;
				CLANG_WARN_RANGE_LOOP_ANALYSIS = YES;
				CLANG_WARN_STRICT_PROTOTYPES = YES;
				CLANG_WARN_SUSPICIOUS_MOVE = YES;
				CLANG_WARN_UNGUARDED_AVAILABILITY = YES_AGGRESSIVE;
				CLANG_WARN_UNREACHABLE_CODE = YES;
				CLANG_WARN__DUPLICATE_METHOD_MATCH = YES;
				CODE_SIGN_IDENTITY = "iPhone Developer";
				COPY_PHASE_STRIP = NO;
				DEBUG_INFORMATION_FORMAT = "dwarf-with-dsym";
				ENABLE_NS_ASSERTIONS = NO;
				ENABLE_STRICT_OBJC_MSGSEND = YES;
				GCC_C_LANGUAGE_STANDARD = gnu11;
				GCC_NO_COMMON_BLOCKS = YES;
				GCC_WARN_64_TO_32_BIT_CONVERSION = YES;
				GCC_WARN_ABOUT_RETURN_TYPE = YES_ERROR;
				GCC_WARN_UNDECLARED_SELECTOR = YES;
				GCC_WARN_UNINITIALIZED_AUTOS = YES_AGGRESSIVE;
				GCC_WARN_UNUSED_FUNCTION = YES;
				GCC_WARN_UNUSED_VARIABLE = YES;
				IPHONEOS_DEPLOYMENT_TARGET = 11.2;
				MTL_ENABLE_DEBUG_INFO = NO;
				SDKROOT = iphoneos;
				VALIDATE_PRODUCT = YES;
			};
			name = Release;
		};
		D6F5828A20413508000675E0 /* Debug */ = {
			isa = XCBuildConfiguration;
			buildSettings = {
				ASSETCATALOG_COMPILER_APPICON_NAME = AppIcon;
				CODE_SIGN_STYLE = Automatic;
				DEVELOPMENT_TEAM = VYHF3XFZT5;
				INFOPLIST_FILE = ShapeDemo/Info.plist;
				LD_RUNPATH_SEARCH_PATHS = "$(inherited) @executable_path/Frameworks";
				PRODUCT_BUNDLE_IDENTIFIER = com.yushi.ShapeDemo;
				PRODUCT_NAME = "$(TARGET_NAME)";
				TARGETED_DEVICE_FAMILY = "1,2";
			};
			name = Debug;
		};
		D6F5828B20413508000675E0 /* Release */ = {
			isa = XCBuildConfiguration;
			buildSettings = {
				ASSETCATALOG_COMPILER_APPICON_NAME = AppIcon;
				CODE_SIGN_STYLE = Automatic;
				DEVELOPMENT_TEAM = VYHF3XFZT5;
				INFOPLIST_FILE = ShapeDemo/Info.plist;
				LD_RUNPATH_SEARCH_PATHS = "$(inherited) @executable_path/Frameworks";
				PRODUCT_BUNDLE_IDENTIFIER = com.yushi.ShapeDemo;
				PRODUCT_NAME = "$(TARGET_NAME)";
				TARGETED_DEVICE_FAMILY = "1,2";
			};
			name = Release;
		};
		D6F5828D20413508000675E0 /* Debug */ = {
			isa = XCBuildConfiguration;
			buildSettings = {
				BUNDLE_LOADER = "$(TEST_HOST)";
				CODE_SIGN_STYLE = Automatic;
				DEVELOPMENT_TEAM = VYHF3XFZT5;
				INFOPLIST_FILE = ShapeDemoTests/Info.plist;
				LD_RUNPATH_SEARCH_PATHS = "$(inherited) @executable_path/Frameworks @loader_path/Frameworks";
				PRODUCT_BUNDLE_IDENTIFIER = com.yushi.ShapeDemoTests;
				PRODUCT_NAME = "$(TARGET_NAME)";
				TARGETED_DEVICE_FAMILY = "1,2";
				TEST_HOST = "$(BUILT_PRODUCTS_DIR)/ShapeDemo.app/ShapeDemo";
			};
			name = Debug;
		};
		D6F5828E20413508000675E0 /* Release */ = {
			isa = XCBuildConfiguration;
			buildSettings = {
				BUNDLE_LOADER = "$(TEST_HOST)";
				CODE_SIGN_STYLE = Automatic;
				DEVELOPMENT_TEAM = VYHF3XFZT5;
				INFOPLIST_FILE = ShapeDemoTests/Info.plist;
				LD_RUNPATH_SEARCH_PATHS = "$(inherited) @executable_path/Frameworks @loader_path/Frameworks";
				PRODUCT_BUNDLE_IDENTIFIER = com.yushi.ShapeDemoTests;
				PRODUCT_NAME = "$(TARGET_NAME)";
				TARGETED_DEVICE_FAMILY = "1,2";
				TEST_HOST = "$(BUILT_PRODUCTS_DIR)/ShapeDemo.app/ShapeDemo";
			};
			name = Release;
		};
		D6F5829020413508000675E0 /* Debug */ = {
			isa = XCBuildConfiguration;
			buildSettings = {
				CODE_SIGN_STYLE = Automatic;
				DEVELOPMENT_TEAM = VYHF3XFZT5;
				INFOPLIST_FILE = ShapeDemoUITests/Info.plist;
				LD_RUNPATH_SEARCH_PATHS = "$(inherited) @executable_path/Frameworks @loader_path/Frameworks";
				PRODUCT_BUNDLE_IDENTIFIER = com.yushi.ShapeDemoUITests;
				PRODUCT_NAME = "$(TARGET_NAME)";
				TARGETED_DEVICE_FAMILY = "1,2";
				TEST_TARGET_NAME = ShapeDemo;
			};
			name = Debug;
		};
		D6F5829120413508000675E0 /* Release */ = {
			isa = XCBuildConfiguration;
			buildSettings = {
				CODE_SIGN_STYLE = Automatic;
				DEVELOPMENT_TEAM = VYHF3XFZT5;
				INFOPLIST_FILE = ShapeDemoUITests/Info.plist;
				LD_RUNPATH_SEARCH_PATHS = "$(inherited) @executable_path/Frameworks @loader_path/Frameworks";
				PRODUCT_BUNDLE_IDENTIFIER = com.yushi.ShapeDemoUITests;
				PRODUCT_NAME = "$(TARGET_NAME)";
				TARGETED_DEVICE_FAMILY = "1,2";
				TEST_TARGET_NAME = ShapeDemo;
			};
			name = Release;
		};
/* End XCBuildConfiguration section */

/* Begin XCConfigurationList section */
		D6F5825820413507000675E0 /* Build configuration list for PBXProject "ShapeDemo" */ = {
			isa = XCConfigurationList;
			buildConfigurations = (
				D6F5828720413508000675E0 /* Debug */,
				D6F5828820413508000675E0 /* Release */,
			);
			defaultConfigurationIsVisible = 0;
			defaultConfigurationName = Release;
		};
		D6F5828920413508000675E0 /* Build configuration list for PBXNativeTarget "ShapeDemo" */ = {
			isa = XCConfigurationList;
			buildConfigurations = (
				D6F5828A20413508000675E0 /* Debug */,
				D6F5828B20413508000675E0 /* Release */,
			);
			defaultConfigurationIsVisible = 0;
			defaultConfigurationName = Release;
		};
		D6F5828C20413508000675E0 /* Build configuration list for PBXNativeTarget "ShapeDemoTests" */ = {
			isa = XCConfigurationList;
			buildConfigurations = (
				D6F5828D20413508000675E0 /* Debug */,
				D6F5828E20413508000675E0 /* Release */,
			);
			defaultConfigurationIsVisible = 0;
			defaultConfigurationName = Release;
		};
		D6F5828F20413508000675E0 /* Build configuration list for PBXNativeTarget "ShapeDemoUITests" */ = {
			isa = XCConfigurationList;
			buildConfigurations = (
				D6F5829020413508000675E0 /* Debug */,
				D6F5829120413508000675E0 /* Release */,
			);
			defaultConfigurationIsVisible = 0;
			defaultConfigurationName = Release;
		};
/* End XCConfigurationList section */
	};
	rootObject = D6F5825520413507000675E0 /* Project object */;
}
